
Microsoft Visual Studio Solution File, Format Version 12.00
# Visual Studio Version 17
VisualStudioVersion = 17.12.35521.163
MinimumVisualStudioVersion = 10.0.40219.1
Project("{FAE04EC0-301F-11D3-BF4B-00C04F79EFBC}") = "OnlineShoppingClothes", "OnlineShoppingClothes.csproj", "{17F39E9D-89BB-44B2-80EE-1BAE92CDDB74}"
EndProject
Global
	GlobalSection(SolutionConfigurationPlatforms) = preSolution
		Debug|Any CPU = Debug|Any CPU
		Release|Any CPU = Release|Any CPU
	EndGlobalSection
	GlobalSection(ProjectConfigurationPlatforms) = postSolution
		{17F39E9D-89BB-44B2-80EE-1BAE92CDDB74}.Debug|Any CPU.ActiveCfg = Debug|Any CPU
		{17F39E9D-89BB-44B2-80EE-1BAE92CDDB74}.Debug|Any CPU.Build.0 = Debug|Any CPU
		{17F39E9D-89BB-44B2-80EE-1BAE92CDDB74}.Release|Any CPU.ActiveCfg = Release|Any CPU
		{17F39E9D-89BB-44B2-80EE-1BAE92CDDB74}.Release|Any CPU.Build.0 = Release|Any CPU
	EndGlobalSection
	GlobalSection(SolutionProperties) = preSolution
		HideSolutionNode = FALSE
	EndGlobalSection
EndGlobal
